
Microsoft Visual Studio Solution File, Format Version 12.00
# Visual Studio 15
VisualStudioVersion = 15.0.26730.10
MinimumVisualStudioVersion = 10.0.40219.1
Project("{FAE04EC0-301F-11D3-BF4B-00C04F79EFBC}") = "ga", "ga\ga.csproj", "{F3BCE2B9-834E-4AA1-B293-ED375B1A89DA}"
EndProject
Global
	GlobalSection(SolutionConfigurationPlatforms) = preSolution
		Debug|Any CPU = Debug|Any CPU
		Release|Any CPU = Release|Any CPU
	EndGlobalSection
	GlobalSection(ProjectConfigurationPlatforms) = postSolution
		{F3BCE2B9-834E-4AA1-B293-ED375B1A89DA}.Debug|Any CPU.ActiveCfg = Debug|Any CPU
		{F3BCE2B9-834E-4AA1-B293-ED375B1A89DA}.Debug|Any CPU.Build.0 = Debug|Any CPU
		{F3BCE2B9-834E-4AA1-B293-ED375B1A89DA}.Release|Any CPU.ActiveCfg = Release|Any CPU
		{F3BCE2B9-834E-4AA1-B293-ED375B1A89DA}.Release|Any CPU.Build.0 = Release|Any CPU
	EndGlobalSection
	GlobalSection(SolutionProperties) = preSolution
		HideSolutionNode = FALSE
	EndGlobalSection
	GlobalSection(ExtensibilityGlobals) = postSolution
		SolutionGuid = {643979EF-94C7-4E71-8C6D-5A3E824D541F}
	EndGlobalSection
EndGlobal
